
Microsoft Visual Studio Solution File, Format Version 12.00
# Visual Studio Version 17
VisualStudioVersion = 17.8.34330.188
MinimumVisualStudioVersion = 10.0.40219.1
Project("{FAE04EC0-301F-11D3-BF4B-00C04F79EFBC}") = "Kata5", "Kata5\Kata5.csproj", "{38054FEE-66C8-4368-8DE0-7A2CA0919FB9}"
EndProject
Global
	GlobalSection(SolutionConfigurationPlatforms) = preSolution
		Debug|Any CPU = Debug|Any CPU
		Release|Any CPU = Release|Any CPU
	EndGlobalSection
	GlobalSection(ProjectConfigurationPlatforms) = postSolution
		{38054FEE-66C8-4368-8DE0-7A2CA0919FB9}.Debug|Any CPU.ActiveCfg = Debug|Any CPU
		{38054FEE-66C8-4368-8DE0-7A2CA0919FB9}.Debug|Any CPU.Build.0 = Debug|Any CPU
		{38054FEE-66C8-4368-8DE0-7A2CA0919FB9}.Release|Any CPU.ActiveCfg = Release|Any CPU
		{38054FEE-66C8-4368-8DE0-7A2CA0919FB9}.Release|Any CPU.Build.0 = Release|Any CPU
	EndGlobalSection
	GlobalSection(SolutionProperties) = preSolution
		HideSolutionNode = FALSE
	EndGlobalSection
	GlobalSection(ExtensibilityGlobals) = postSolution
		SolutionGuid = {33BC2913-3F45-4BE0-A5C2-1DD003E69493}
	EndGlobalSection
EndGlobal
